
Microsoft Visual Studio Solution File, Format Version 12.00
# Visual Studio 2012
Project("{FAE04EC0-301F-11D3-BF4B-00C04F79EFBC}") = "XmcGetCompetitors", "XmcGetCompetitors.csproj", "{79C4C5FE-08F4-4DDD-A29C-AA201F12ECEA}"
EndProject
Global
	GlobalSection(SolutionConfigurationPlatforms) = preSolution
		Debug|Any CPU = Debug|Any CPU
		Release|Any CPU = Release|Any CPU
	EndGlobalSection
	GlobalSection(ProjectConfigurationPlatforms) = postSolution
		{79C4C5FE-08F4-4DDD-A29C-AA201F12ECEA}.Debug|Any CPU.ActiveCfg = Debug|Any CPU
		{79C4C5FE-08F4-4DDD-A29C-AA201F12ECEA}.Debug|Any CPU.Build.0 = Debug|Any CPU
		{79C4C5FE-08F4-4DDD-A29C-AA201F12ECEA}.Release|Any CPU.ActiveCfg = Release|Any CPU
		{79C4C5FE-08F4-4DDD-A29C-AA201F12ECEA}.Release|Any CPU.Build.0 = Release|Any CPU
	EndGlobalSection
	GlobalSection(SolutionProperties) = preSolution
		HideSolutionNode = FALSE
	EndGlobalSection
EndGlobal
